// !$*UTF8*$!
{
	archiveVersion = 1;
	classes = {
	};
	objectVersion = 46;
	objects = {

/* Begin PBXBuildFile section */
		381A46B61E10C09300BEA4D4 /* AddLinkViewController.swift in Sources */ = {isa = PBXBuildFile; fileRef = 381A46B51E10C09300BEA4D4 /* AddLinkViewController.swift */; };
		381A46B81E10D6FC00BEA4D4 /* StudentInfo.swift in Sources */ = {isa = PBXBuildFile; fileRef = 381A46B71E10D6FC00BEA4D4 /* StudentInfo.swift */; };
		381A46BA1E132C2200BEA4D4 /* ParseClient.swift in Sources */ = {isa = PBXBuildFile; fileRef = 381A46B91E132C2200BEA4D4 /* ParseClient.swift */; };
		381A46BC1E132C4E00BEA4D4 /* ParseConvenience.swift in Sources */ = {isa = PBXBuildFile; fileRef = 381A46BB1E132C4E00BEA4D4 /* ParseConvenience.swift */; };
		38270A3F1E22C99700C3598F /* ParseConstants.swift in Sources */ = {isa = PBXBuildFile; fileRef = 38270A3E1E22C99700C3598F /* ParseConstants.swift */; };
		3877ECFA1E0A01A900D1BF7A /* ListViewController.swift in Sources */ = {isa = PBXBuildFile; fileRef = 3877ECF91E0A01A900D1BF7A /* ListViewController.swift */; };
		3877ECFC1E0A077500D1BF7A /* Main.storyboard in Resources */ = {isa = PBXBuildFile; fileRef = 3877ECFB1E0A077500D1BF7A /* Main.storyboard */; };
		38C4C74B1E4D285500F6BB95 /* TabViewController.swift in Sources */ = {isa = PBXBuildFile; fileRef = 38C4C74A1E4D285500F6BB95 /* TabViewController.swift */; };
		38FB95C41E072B3300281B50 /* AppDelegate.swift in Sources */ = {isa = PBXBuildFile; fileRef = 38FB95C31E072B3300281B50 /* AppDelegate.swift */; };
		38FB95C61E072B3300281B50 /* LoginViewController.swift in Sources */ = {isa = PBXBuildFile; fileRef = 38FB95C51E072B3300281B50 /* LoginViewController.swift */; };
		38FB95CB1E072B3300281B50 /* Assets.xcassets in Resources */ = {isa = PBXBuildFile; fileRef = 38FB95CA1E072B3300281B50 /* Assets.xcassets */; };
		38FB95CE1E072B3300281B50 /* LaunchScreen.storyboard in Resources */ = {isa = PBXBuildFile; fileRef = 38FB95CC1E072B3300281B50 /* LaunchScreen.storyboard */; };
		38FB95D91E072B3300281B50 /* On_the_MapTests.swift in Sources */ = {isa = PBXBuildFile; fileRef = 38FB95D81E072B3300281B50 /* On_the_MapTests.swift */; };
		38FB95E41E072B3300281B50 /* On_the_MapUITests.swift in Sources */ = {isa = PBXBuildFile; fileRef = 38FB95E31E072B3300281B50 /* On_the_MapUITests.swift */; };
		38FB95F21E073AE100281B50 /* MapViewController.swift in Sources */ = {isa = PBXBuildFile; fileRef = 38FB95F11E073AE100281B50 /* MapViewController.swift */; };
		38FB95F81E073B7000281B50 /* AddPinViewController.swift in Sources */ = {isa = PBXBuildFile; fileRef = 38FB95F71E073B7000281B50 /* AddPinViewController.swift */; };
		38FB95FA1E07413E00281B50 /* UdacityConstants.swift in Sources */ = {isa = PBXBuildFile; fileRef = 38FB95F91E07413E00281B50 /* UdacityConstants.swift */; };
		38FB95FC1E07414800281B50 /* UdacityClient.swift in Sources */ = {isa = PBXBuildFile; fileRef = 38FB95FB1E07414800281B50 /* UdacityClient.swift */; };
		38FB95FE1E07416A00281B50 /* UdacityConvenience.swift in Sources */ = {isa = PBXBuildFile; fileRef = 38FB95FD1E07416A00281B50 /* UdacityConvenience.swift */; };
/* End PBXBuildFile section */

/* Begin PBXContainerItemProxy section */
		38FB95D51E072B3300281B50 /* PBXContainerItemProxy */ = {
			isa = PBXContainerItemProxy;
			containerPortal = 38FB95B81E072B3300281B50 /* Project object */;
			proxyType = 1;
			remoteGlobalIDString = 38FB95BF1E072B3300281B50;
			remoteInfo = "On-the-Map";
		};
		38FB95E01E072B3300281B50 /* PBXContainerItemProxy */ = {
			isa = PBXContainerItemProxy;
			containerPortal = 38FB95B81E072B3300281B50 /* Project object */;
			proxyType = 1;
			remoteGlobalIDString = 38FB95BF1E072B3300281B50;
			remoteInfo = "On-the-Map";
		};
/* End PBXContainerItemProxy section */

/* Begin PBXFileReference section */
		381A46B51E10C09300BEA4D4 /* AddLinkViewController.swift */ = {isa = PBXFileReference; fileEncoding = 4; lastKnownFileType = sourcecode.swift; path = AddLinkViewController.swift; sourceTree = "<group>"; };
		381A46B71E10D6FC00BEA4D4 /* StudentInfo.swift */ = {isa = PBXFileReference; fileEncoding = 4; lastKnownFileType = sourcecode.swift; path = StudentInfo.swift; sourceTree = "<group>"; };
		381A46B91E132C2200BEA4D4 /* ParseClient.swift */ = {isa = PBXFileReference; fileEncoding = 4; lastKnownFileType = sourcecode.swift; path = ParseClient.swift; sourceTree = "<group>"; };
		381A46BB1E132C4E00BEA4D4 /* ParseConvenience.swift */ = {isa = PBXFileReference; fileEncoding = 4; lastKnownFileType = sourcecode.swift; path = ParseConvenience.swift; sourceTree = "<group>"; };
		38270A3E1E22C99700C3598F /* ParseConstants.swift */ = {isa = PBXFileReference; fileEncoding = 4; lastKnownFileType = sourcecode.swift; path = ParseConstants.swift; sourceTree = "<group>"; };
		3877ECF91E0A01A900D1BF7A /* ListViewController.swift */ = {isa = PBXFileReference; fileEncoding = 4; lastKnownFileType = sourcecode.swift; path = ListViewController.swift; sourceTree = "<group>"; };
		3877ECFB1E0A077500D1BF7A /* Main.storyboard */ = {isa = PBXFileReference; fileEncoding = 4; lastKnownFileType = file.storyboard; path = Main.storyboard; sourceTree = "<group>"; };
		38C4C74A1E4D285500F6BB95 /* TabViewController.swift */ = {isa = PBXFileReference; fileEncoding = 4; lastKnownFileType = sourcecode.swift; path = TabViewController.swift; sourceTree = "<group>"; };
		38FB95C01E072B3300281B50 /* On-the-Map.app */ = {isa = PBXFileReference; explicitFileType = wrapper.application; includeInIndex = 0; path = "On-the-Map.app"; sourceTree = BUILT_PRODUCTS_DIR; };
		38FB95C31E072B3300281B50 /* AppDelegate.swift */ = {isa = PBXFileReference; lastKnownFileType = sourcecode.swift; path = AppDelegate.swift; sourceTree = "<group>"; };
		38FB95C51E072B3300281B50 /* LoginViewController.swift */ = {isa = PBXFileReference; lastKnownFileType = sourcecode.swift; path = LoginViewController.swift; sourceTree = "<group>"; };
		38FB95CA1E072B3300281B50 /* Assets.xcassets */ = {isa = PBXFileReference; lastKnownFileType = folder.assetcatalog; path = Assets.xcassets; sourceTree = "<group>"; };
		38FB95CD1E072B3300281B50 /* Base */ = {isa = PBXFileReference; lastKnownFileType = file.storyboard; name = Base; path = Base.lproj/LaunchScreen.storyboard; sourceTree = "<group>"; };
		38FB95CF1E072B3300281B50 /* Info.plist */ = {isa = PBXFileReference; lastKnownFileType = text.plist.xml; path = Info.plist; sourceTree = "<group>"; };
		38FB95D41E072B3300281B50 /* On-the-MapTests.xctest */ = {isa = PBXFileReference; explicitFileType = wrapper.cfbundle; includeInIndex = 0; path = "On-the-MapTests.xctest"; sourceTree = BUILT_PRODUCTS_DIR; };
		38FB95D81E072B3300281B50 /* On_the_MapTests.swift */ = {isa = PBXFileReference; lastKnownFileType = sourcecode.swift; path = On_the_MapTests.swift; sourceTree = "<group>"; };
		38FB95DA1E072B3300281B50 /* Info.plist */ = {isa = PBXFileReference; lastKnownFileType = text.plist.xml; path = Info.plist; sourceTree = "<group>"; };
		38FB95DF1E072B3300281B50 /* On-the-MapUITests.xctest */ = {isa = PBXFileReference; explicitFileType = wrapper.cfbundle; includeInIndex = 0; path = "On-the-MapUITests.xctest"; sourceTree = BUILT_PRODUCTS_DIR; };
		38FB95E31E072B3300281B50 /* On_the_MapUITests.swift */ = {isa = PBXFileReference; lastKnownFileType = sourcecode.swift; path = On_the_MapUITests.swift; sourceTree = "<group>"; };
		38FB95E51E072B3300281B50 /* Info.plist */ = {isa = PBXFileReference; lastKnownFileType = text.plist.xml; path = Info.plist; sourceTree = "<group>"; };
		38FB95F11E073AE100281B50 /* MapViewController.swift */ = {isa = PBXFileReference; fileEncoding = 4; lastKnownFileType = sourcecode.swift; path = MapViewController.swift; sourceTree = "<group>"; };
		38FB95F71E073B7000281B50 /* AddPinViewController.swift */ = {isa = PBXFileReference; fileEncoding = 4; lastKnownFileType = sourcecode.swift; path = AddPinViewController.swift; sourceTree = "<group>"; };
		38FB95F91E07413E00281B50 /* UdacityConstants.swift */ = {isa = PBXFileReference; fileEncoding = 4; lastKnownFileType = sourcecode.swift; path = UdacityConstants.swift; sourceTree = "<group>"; };
		38FB95FB1E07414800281B50 /* UdacityClient.swift */ = {isa = PBXFileReference; fileEncoding = 4; lastKnownFileType = sourcecode.swift; path = UdacityClient.swift; sourceTree = "<group>"; };
		38FB95FD1E07416A00281B50 /* UdacityConvenience.swift */ = {isa = PBXFileReference; fileEncoding = 4; lastKnownFileType = sourcecode.swift; path = UdacityConvenience.swift; sourceTree = "<group>"; };
/* End PBXFileReference section */

/* Begin PBXFrameworksBuildPhase section */
		38FB95BD1E072B3300281B50 /* Frameworks */ = {
			isa = PBXFrameworksBuildPhase;
			buildActionMask = 2147483647;
			files = (
			);
			runOnlyForDeploymentPostprocessing = 0;
		};
		38FB95D11E072B3300281B50 /* Frameworks */ = {
			isa = PBXFrameworksBuildPhase;
			buildActionMask = 2147483647;
			files = (
			);
			runOnlyForDeploymentPostprocessing = 0;
		};
		38FB95DC1E072B3300281B50 /* Frameworks */ = {
			isa = PBXFrameworksBuildPhase;
			buildActionMask = 2147483647;
			files = (
			);
			runOnlyForDeploymentPostprocessing = 0;
		};
/* End PBXFrameworksBuildPhase section */

/* Begin PBXGroup section */
		38F43AA41E3A86280036334E /* UdacityClient */ = {
			isa = PBXGroup;
			children = (
				38FB95F91E07413E00281B50 /* UdacityConstants.swift */,
				38FB95FB1E07414800281B50 /* UdacityClient.swift */,
				38FB95FD1E07416A00281B50 /* UdacityConvenience.swift */,
			);
			name = UdacityClient;
			sourceTree = "<group>";
		};
		38F43AA51E3A86550036334E /* ParseClient */ = {
			isa = PBXGroup;
			children = (
				38270A3E1E22C99700C3598F /* ParseConstants.swift */,
				381A46B91E132C2200BEA4D4 /* ParseClient.swift */,
				381A46BB1E132C4E00BEA4D4 /* ParseConvenience.swift */,
			);
			name = ParseClient;
			sourceTree = "<group>";
		};
		38FB95B71E072B3300281B50 = {
			isa = PBXGroup;
			children = (
				38FB95C21E072B3300281B50 /* On-the-Map */,
				38FB95D71E072B3300281B50 /* On-the-MapTests */,
				38FB95E21E072B3300281B50 /* On-the-MapUITests */,
				38FB95C11E072B3300281B50 /* Products */,
			);
			sourceTree = "<group>";
		};
		38FB95C11E072B3300281B50 /* Products */ = {
			isa = PBXGroup;
			children = (
				38FB95C01E072B3300281B50 /* On-the-Map.app */,
				38FB95D41E072B3300281B50 /* On-the-MapTests.xctest */,
				38FB95DF1E072B3300281B50 /* On-the-MapUITests.xctest */,
			);
			name = Products;
			sourceTree = "<group>";
		};
		38FB95C21E072B3300281B50 /* On-the-Map */ = {
			isa = PBXGroup;
			children = (
				38FB95C31E072B3300281B50 /* AppDelegate.swift */,
				38FB95F31E073B0C00281B50 /* Model */,
				38FB95F41E073B1B00281B50 /* View */,
				38FB95F61E073B2C00281B50 /* Controller */,
				38FB95CA1E072B3300281B50 /* Assets.xcassets */,
				38FB95CC1E072B3300281B50 /* LaunchScreen.storyboard */,
				38FB95CF1E072B3300281B50 /* Info.plist */,
			);
			path = "On-the-Map";
			sourceTree = "<group>";
		};
		38FB95D71E072B3300281B50 /* On-the-MapTests */ = {
			isa = PBXGroup;
			children = (
				38FB95D81E072B3300281B50 /* On_the_MapTests.swift */,
				38FB95DA1E072B3300281B50 /* Info.plist */,
			);
			path = "On-the-MapTests";
			sourceTree = "<group>";
		};
		38FB95E21E072B3300281B50 /* On-the-MapUITests */ = {
			isa = PBXGroup;
			children = (
				38FB95E31E072B3300281B50 /* On_the_MapUITests.swift */,
				38FB95E51E072B3300281B50 /* Info.plist */,
			);
			path = "On-the-MapUITests";
			sourceTree = "<group>";
		};
		38FB95F31E073B0C00281B50 /* Model */ = {
			isa = PBXGroup;
			children = (
				381A46B71E10D6FC00BEA4D4 /* StudentInfo.swift */,
				38F43AA51E3A86550036334E /* ParseClient */,
				38F43AA41E3A86280036334E /* UdacityClient */,
			);
			name = Model;
			sourceTree = "<group>";
		};
		38FB95F41E073B1B00281B50 /* View */ = {
			isa = PBXGroup;
			children = (
			);
			name = View;
			sourceTree = "<group>";
		};
		38FB95F61E073B2C00281B50 /* Controller */ = {
			isa = PBXGroup;
			children = (
				38FB95C51E072B3300281B50 /* LoginViewController.swift */,
				38FB95F11E073AE100281B50 /* MapViewController.swift */,
				3877ECF91E0A01A900D1BF7A /* ListViewController.swift */,
				38C4C74A1E4D285500F6BB95 /* TabViewController.swift */,
				38FB95F71E073B7000281B50 /* AddPinViewController.swift */,
				381A46B51E10C09300BEA4D4 /* AddLinkViewController.swift */,
				3877ECFB1E0A077500D1BF7A /* Main.storyboard */,
			);
			name = Controller;
			sourceTree = "<group>";
		};
/* End PBXGroup section */

/* Begin PBXNativeTarget section */
		38FB95BF1E072B3300281B50 /* On-the-Map */ = {
			isa = PBXNativeTarget;
			buildConfigurationList = 38FB95E81E072B3300281B50 /* Build configuration list for PBXNativeTarget "On-the-Map" */;
			buildPhases = (
				38FB95BC1E072B3300281B50 /* Sources */,
				38FB95BD1E072B3300281B50 /* Frameworks */,
				38FB95BE1E072B3300281B50 /* Resources */,
			);
			buildRules = (
			);
			dependencies = (
			);
			name = "On-the-Map";
			productName = "On-the-Map";
			productReference = 38FB95C01E072B3300281B50 /* On-the-Map.app */;
			productType = "com.apple.product-type.application";
		};
		38FB95D31E072B3300281B50 /* On-the-MapTests */ = {
			isa = PBXNativeTarget;
			buildConfigurationList = 38FB95EB1E072B3300281B50 /* Build configuration list for PBXNativeTarget "On-the-MapTests" */;
			buildPhases = (
				38FB95D01E072B3300281B50 /* Sources */,
				38FB95D11E072B3300281B50 /* Frameworks */,
				38FB95D21E072B3300281B50 /* Resources */,
			);
			buildRules = (
			);
			dependencies = (
				38FB95D61E072B3300281B50 /* PBXTargetDependency */,
			);
			name = "On-the-MapTests";
			productName = "On-the-MapTests";
			productReference = 38FB95D41E072B3300281B50 /* On-the-MapTests.xctest */;
			productType = "com.apple.product-type.bundle.unit-test";
		};
		38FB95DE1E072B3300281B50 /* On-the-MapUITests */ = {
			isa = PBXNativeTarget;
			buildConfigurationList = 38FB95EE1E072B3300281B50 /* Build configuration list for PBXNativeTarget "On-the-MapUITests" */;
			buildPhases = (
				38FB95DB1E072B3300281B50 /* Sources */,
				38FB95DC1E072B3300281B50 /* Frameworks */,
				38FB95DD1E072B3300281B50 /* Resources */,
			);
			buildRules = (
			);
			dependencies = (
				38FB95E11E072B3300281B50 /* PBXTargetDependency */,
			);
			name = "On-the-MapUITests";
			productName = "On-the-MapUITests";
			productReference = 38FB95DF1E072B3300281B50 /* On-the-MapUITests.xctest */;
			productType = "com.apple.product-type.bundle.ui-testing";
		};
/* End PBXNativeTarget section */

/* Begin PBXProject section */
		38FB95B81E072B3300281B50 /* Project object */ = {
			isa = PBXProject;
			attributes = {
				LastSwiftUpdateCheck = 0800;
				LastUpgradeCheck = 0800;
				ORGANIZATIONNAME = "Christine Chang";
				TargetAttributes = {
					38FB95BF1E072B3300281B50 = {
						CreatedOnToolsVersion = 8.0;
						ProvisioningStyle = Automatic;
					};
					38FB95D31E072B3300281B50 = {
						CreatedOnToolsVersion = 8.0;
						ProvisioningStyle = Automatic;
						TestTargetID = 38FB95BF1E072B3300281B50;
					};
					38FB95DE1E072B3300281B50 = {
						CreatedOnToolsVersion = 8.0;
						ProvisioningStyle = Automatic;
						TestTargetID = 38FB95BF1E072B3300281B50;
					};
				};
			};
			buildConfigurationList = 38FB95BB1E072B3300281B50 /* Build configuration list for PBXProject "On-the-Map" */;
			compatibilityVersion = "Xcode 3.2";
			developmentRegion = English;
			hasScannedForEncodings = 0;
			knownRegions = (
				en,
				Base,
			);
			mainGroup = 38FB95B71E072B3300281B50;
			productRefGroup = 38FB95C11E072B3300281B50 /* Products */;
			projectDirPath = "";
			projectRoot = "";
			targets = (
				38FB95BF1E072B3300281B50 /* On-the-Map */,
				38FB95D31E072B3300281B50 /* On-the-MapTests */,
				38FB95DE1E072B3300281B50 /* On-the-MapUITests */,
			);
		};
/* End PBXProject section */

/* Begin PBXResourcesBuildPhase section */
		38FB95BE1E072B3300281B50 /* Resources */ = {
			isa = PBXResourcesBuildPhase;
			buildActionMask = 2147483647;
			files = (
				3877ECFC1E0A077500D1BF7A /* Main.storyboard in Resources */,
				38FB95CE1E072B3300281B50 /* LaunchScreen.storyboard in Resources */,
				38FB95CB1E072B3300281B50 /* Assets.xcassets in Resources */,
			);
			runOnlyForDeploymentPostprocessing = 0;
		};
		38FB95D21E072B3300281B50 /* Resources */ = {
			isa = PBXResourcesBuildPhase;
			buildActionMask = 2147483647;
			files = (
			);
			runOnlyForDeploymentPostprocessing = 0;
		};
		38FB95DD1E072B3300281B50 /* Resources */ = {
			isa = PBXResourcesBuildPhase;
			buildActionMask = 2147483647;
			files = (
			);
			runOnlyForDeploymentPostprocessing = 0;
		};
/* End PBXResourcesBuildPhase section */

/* Begin PBXSourcesBuildPhase section */
		38FB95BC1E072B3300281B50 /* Sources */ = {
			isa = PBXSourcesBuildPhase;
			buildActionMask = 2147483647;
			files = (
				38FB95FA1E07413E00281B50 /* UdacityConstants.swift in Sources */,
				381A46BC1E132C4E00BEA4D4 /* ParseConvenience.swift in Sources */,
				381A46B81E10D6FC00BEA4D4 /* StudentInfo.swift in Sources */,
				38FB95C61E072B3300281B50 /* LoginViewController.swift in Sources */,
				38FB95FC1E07414800281B50 /* UdacityClient.swift in Sources */,
				381A46B61E10C09300BEA4D4 /* AddLinkViewController.swift in Sources */,
				3877ECFA1E0A01A900D1BF7A /* ListViewController.swift in Sources */,
				38FB95FE1E07416A00281B50 /* UdacityConvenience.swift in Sources */,
				38270A3F1E22C99700C3598F /* ParseConstants.swift in Sources */,
				38FB95F81E073B7000281B50 /* AddPinViewController.swift in Sources */,
				38FB95C41E072B3300281B50 /* AppDelegate.swift in Sources */,
				38FB95F21E073AE100281B50 /* MapViewController.swift in Sources */,
				38C4C74B1E4D285500F6BB95 /* TabViewController.swift in Sources */,
				381A46BA1E132C2200BEA4D4 /* ParseClient.swift in Sources */,
			);
			runOnlyForDeploymentPostprocessing = 0;
		};
		38FB95D01E072B3300281B50 /* Sources */ = {
			isa = PBXSourcesBuildPhase;
			buildActionMask = 2147483647;
			files = (
				38FB95D91E072B3300281B50 /* On_the_MapTests.swift in Sources */,
			);
			runOnlyForDeploymentPostprocessing = 0;
		};
		38FB95DB1E072B3300281B50 /* Sources */ = {
			isa = PBXSourcesBuildPhase;
			buildActionMask = 2147483647;
			files = (
				38FB95E41E072B3300281B50 /* On_the_MapUITests.swift in Sources */,
			);
			runOnlyForDeploymentPostprocessing = 0;
		};
/* End PBXSourcesBuildPhase section */

/* Begin PBXTargetDependency section */
		38FB95D61E072B3300281B50 /* PBXTargetDependency */ = {
			isa = PBXTargetDependency;
			target = 38FB95BF1E072B3300281B50 /* On-the-Map */;
			targetProxy = 38FB95D51E072B3300281B50 /* PBXContainerItemProxy */;
		};
		38FB95E11E072B3300281B50 /* PBXTargetDependency */ = {
			isa = PBXTargetDependency;
			target = 38FB95BF1E072B3300281B50 /* On-the-Map */;
			targetProxy = 38FB95E01E072B3300281B50 /* PBXContainerItemProxy */;
		};
/* End PBXTargetDependency section */

/* Begin PBXVariantGroup section */
		38FB95CC1E072B3300281B50 /* LaunchScreen.storyboard */ = {
			isa = PBXVariantGroup;
			children = (
				38FB95CD1E072B3300281B50 /* Base */,
			);
			name = LaunchScreen.storyboard;
			sourceTree = "<group>";
		};
/* End PBXVariantGroup section */

/* Begin XCBuildConfiguration section */
		38FB95E61E072B3300281B50 /* Debug */ = {
			isa = XCBuildConfiguration;
			buildSettings = {
				ALWAYS_SEARCH_USER_PATHS = NO;
				CLANG_ANALYZER_NONNULL = YES;
				CLANG_CXX_LANGUAGE_STANDARD = "gnu++0x";
				CLANG_CXX_LIBRARY = "libc++";
				CLANG_ENABLE_MODULES = YES;
				CLANG_ENABLE_OBJC_ARC = YES;
				CLANG_WARN_BOOL_CONVERSION = YES;
				CLANG_WARN_CONSTANT_CONVERSION = YES;
				CLANG_WARN_DIRECT_OBJC_ISA_USAGE = YES_ERROR;
				CLANG_WARN_DOCUMENTATION_COMMENTS = YES;
				CLANG_WARN_EMPTY_BODY = YES;
				CLANG_WARN_ENUM_CONVERSION = YES;
				CLANG_WARN_INFINITE_RECURSION = YES;
				CLANG_WARN_INT_CONVERSION = YES;
				CLANG_WARN_OBJC_ROOT_CLASS = YES_ERROR;
				CLANG_WARN_SUSPICIOUS_MOVES = YES;
				CLANG_WARN_UNREACHABLE_CODE = YES;
				CLANG_WARN__DUPLICATE_METHOD_MATCH = YES;
				"CODE_SIGN_IDENTITY[sdk=iphoneos*]" = "iPhone Developer";
				COPY_PHASE_STRIP = NO;
				DEBUG_INFORMATION_FORMAT = dwarf;
				ENABLE_STRICT_OBJC_MSGSEND = YES;
				ENABLE_TESTABILITY = YES;
				GCC_C_LANGUAGE_STANDARD = gnu99;
				GCC_DYNAMIC_NO_PIC = NO;
				GCC_NO_COMMON_BLOCKS = YES;
				GCC_OPTIMIZATION_LEVEL = 0;
				GCC_PREPROCESSOR_DEFINITIONS = (
					"DEBUG=1",
					"$(inherited)",
				);
				GCC_WARN_64_TO_32_BIT_CONVERSION = YES;
				GCC_WARN_ABOUT_RETURN_TYPE = YES_ERROR;
				GCC_WARN_UNDECLARED_SELECTOR = YES;
				GCC_WARN_UNINITIALIZED_AUTOS = YES_AGGRESSIVE;
				GCC_WARN_UNUSED_FUNCTION = YES;
				GCC_WARN_UNUSED_VARIABLE = YES;
				IPHONEOS_DEPLOYMENT_TARGET = 10.0;
				MTL_ENABLE_DEBUG_INFO = YES;
				ONLY_ACTIVE_ARCH = YES;
				SDKROOT = iphoneos;
				SWIFT_ACTIVE_COMPILATION_CONDITIONS = DEBUG;
				SWIFT_OPTIMIZATION_LEVEL = "-Onone";
				TARGETED_DEVICE_FAMILY = "1,2";
			};
			name = Debug;
		};
		38FB95E71E072B3300281B50 /* Release */ = {
			isa = XCBuildConfiguration;
			buildSettings = {
				ALWAYS_SEARCH_USER_PATHS = NO;
				CLANG_ANALYZER_NONNULL = YES;
				CLANG_CXX_LANGUAGE_STANDARD = "gnu++0x";
				CLANG_CXX_LIBRARY = "libc++";
				CLANG_ENABLE_MODULES = YES;
				CLANG_ENABLE_OBJC_ARC = YES;
				CLANG_WARN_BOOL_CONVERSION = YES;
				CLANG_WARN_CONSTANT_CONVERSION = YES;
				CLANG_WARN_DIRECT_OBJC_ISA_USAGE = YES_ERROR;
				CLANG_WARN_DOCUMENTATION_COMMENTS = YES;
				CLANG_WARN_EMPTY_BODY = YES;
				CLANG_WARN_ENUM_CONVERSION = YES;
				CLANG_WARN_INFINITE_RECURSION = YES;
				CLANG_WARN_INT_CONVERSION = YES;
				CLANG_WARN_OBJC_ROOT_CLASS = YES_ERROR;
				CLANG_WARN_SUSPICIOUS_MOVES = YES;
				CLANG_WARN_UNREACHABLE_CODE = YES;
				CLANG_WARN__DUPLICATE_METHOD_MATCH = YES;
				"CODE_SIGN_IDENTITY[sdk=iphoneos*]" = "iPhone Developer";
				COPY_PHASE_STRIP = NO;
				DEBUG_INFORMATION_FORMAT = "dwarf-with-dsym";
				ENABLE_NS_ASSERTIONS = NO;
				ENABLE_STRICT_OBJC_MSGSEND = YES;
				GCC_C_LANGUAGE_STANDARD = gnu99;
				GCC_NO_COMMON_BLOCKS = YES;
				GCC_WARN_64_TO_32_BIT_CONVERSION = YES;
				GCC_WARN_ABOUT_RETURN_TYPE = YES_ERROR;
				GCC_WARN_UNDECLARED_SELECTOR = YES;
				GCC_WARN_UNINITIALIZED_AUTOS = YES_AGGRESSIVE;
				GCC_WARN_UNUSED_FUNCTION = YES;
				GCC_WARN_UNUSED_VARIABLE = YES;
				IPHONEOS_DEPLOYMENT_TARGET = 10.0;
				MTL_ENABLE_DEBUG_INFO = NO;
				SDKROOT = iphoneos;
				SWIFT_OPTIMIZATION_LEVEL = "-Owholemodule";
				TARGETED_DEVICE_FAMILY = "1,2";
				VALIDATE_PRODUCT = YES;
			};
			name = Release;
		};
		38FB95E91E072B3300281B50 /* Debug */ = {
			isa = XCBuildConfiguration;
			buildSettings = {
				ASSETCATALOG_COMPILER_APPICON_NAME = AppIcon;
				INFOPLIST_FILE = "On-the-Map/Info.plist";
				LD_RUNPATH_SEARCH_PATHS = "$(inherited) @executable_path/Frameworks";
				PRODUCT_BUNDLE_IDENTIFIER = "com.On-the-Map";
				PRODUCT_NAME = "$(TARGET_NAME)";
				SWIFT_VERSION = 3.0;
			};
			name = Debug;
		};
		38FB95EA1E072B3300281B50 /* Release */ = {
			isa = XCBuildConfiguration;
			buildSettings = {
				ASSETCATALOG_COMPILER_APPICON_NAME = AppIcon;
				INFOPLIST_FILE = "On-the-Map/Info.plist";
				LD_RUNPATH_SEARCH_PATHS = "$(inherited) @executable_path/Frameworks";
				PRODUCT_BUNDLE_IDENTIFIER = "com.On-the-Map";
				PRODUCT_NAME = "$(TARGET_NAME)";
				SWIFT_VERSION = 3.0;
			};
			name = Release;
		};
		38FB95EC1E072B3300281B50 /* Debug */ = {
			isa = XCBuildConfiguration;
			buildSettings = {
				ALWAYS_EMBED_SWIFT_STANDARD_LIBRARIES = YES;
				BUNDLE_LOADER = "$(TEST_HOST)";
				INFOPLIST_FILE = "On-the-MapTests/Info.plist";
				LD_RUNPATH_SEARCH_PATHS = "$(inherited) @executable_path/Frameworks @loader_path/Frameworks";
				PRODUCT_BUNDLE_IDENTIFIER = "com.On-the-MapTests";
				PRODUCT_NAME = "$(TARGET_NAME)";
				SWIFT_VERSION = 3.0;
				TEST_HOST = "$(BUILT_PRODUCTS_DIR)/On-the-Map.app/On-the-Map";
			};
			name = Debug;
		};
		38FB95ED1E072B3300281B50 /* Release */ = {
			isa = XCBuildConfiguration;
			buildSettings = {
				ALWAYS_EMBED_SWIFT_STANDARD_LIBRARIES = YES;
				BUNDLE_LOADER = "$(TEST_HOST)";
				INFOPLIST_FILE = "On-the-MapTests/Info.plist";
				LD_RUNPATH_SEARCH_PATHS = "$(inherited) @executable_path/Frameworks @loader_path/Frameworks";
				PRODUCT_BUNDLE_IDENTIFIER = "com.On-the-MapTests";
				PRODUCT_NAME = "$(TARGET_NAME)";
				SWIFT_VERSION = 3.0;
				TEST_HOST = "$(BUILT_PRODUCTS_DIR)/On-the-Map.app/On-the-Map";
			};
			name = Release;
		};
		38FB95EF1E072B3300281B50 /* Debug */ = {
			isa = XCBuildConfiguration;
			buildSettings = {
				ALWAYS_EMBED_SWIFT_STANDARD_LIBRARIES = YES;
				INFOPLIST_FILE = "On-the-MapUITests/Info.plist";
				LD_RUNPATH_SEARCH_PATHS = "$(inherited) @executable_path/Frameworks @loader_path/Frameworks";
				PRODUCT_BUNDLE_IDENTIFIER = "com.On-the-MapUITests";
				PRODUCT_NAME = "$(TARGET_NAME)";
				SWIFT_VERSION = 3.0;
				TEST_TARGET_NAME = "On-the-Map";
			};
			name = Debug;
		};
		38FB95F01E072B3300281B50 /* Release */ = {
			isa = XCBuildConfiguration;
			buildSettings = {
				ALWAYS_EMBED_SWIFT_STANDARD_LIBRARIES = YES;
				INFOPLIST_FILE = "On-the-MapUITests/Info.plist";
				LD_RUNPATH_SEARCH_PATHS = "$(inherited) @executable_path/Frameworks @loader_path/Frameworks";
				PRODUCT_BUNDLE_IDENTIFIER = "com.On-the-MapUITests";
				PRODUCT_NAME = "$(TARGET_NAME)";
				SWIFT_VERSION = 3.0;
				TEST_TARGET_NAME = "On-the-Map";
			};
			name = Release;
		};
/* End XCBuildConfiguration section */

/* Begin XCConfigurationList section */
		38FB95BB1E072B3300281B50 /* Build configuration list for PBXProject "On-the-Map" */ = {
			isa = XCConfigurationList;
			buildConfigurations = (
				38FB95E61E072B3300281B50 /* Debug */,
				38FB95E71E072B3300281B50 /* Release */,
			);
			defaultConfigurationIsVisible = 0;
			defaultConfigurationName = Release;
		};
		38FB95E81E072B3300281B50 /* Build configuration list for PBXNativeTarget "On-the-Map" */ = {
			isa = XCConfigurationList;
			buildConfigurations = (
				38FB95E91E072B3300281B50 /* Debug */,
				38FB95EA1E072B3300281B50 /* Release */,
			);
			defaultConfigurationIsVisible = 0;
			defaultConfigurationName = Release;
		};
		38FB95EB1E072B3300281B50 /* Build configuration list for PBXNativeTarget "On-the-MapTests" */ = {
			isa = XCConfigurationList;
			buildConfigurations = (
				38FB95EC1E072B3300281B50 /* Debug */,
				38FB95ED1E072B3300281B50 /* Release */,
			);
			defaultConfigurationIsVisible = 0;
			defaultConfigurationName = Release;
		};
		38FB95EE1E072B3300281B50 /* Build configuration list for PBXNativeTarget "On-the-MapUITests" */ = {
			isa = XCConfigurationList;
			buildConfigurations = (
				38FB95EF1E072B3300281B50 /* Debug */,
				38FB95F01E072B3300281B50 /* Release */,
			);
			defaultConfigurationIsVisible = 0;
			defaultConfigurationName = Release;
		};
/* End XCConfigurationList section */
	};
	rootObject = 38FB95B81E072B3300281B50 /* Project object */;
}
